[[package]]
category = "main"
description = "Pretty-print tabular data"
name = "tabulate"
optional = false
python-versions = "*"
version = "0.8.7"

[metadata]
content-hash = "b2f240a1541f97f10180fc1df96e69ff562db7373c274a59c79d104122dbcef0"
python-versions = "^3.7"

[metadata.hashes]
tabulate = ["ac64cb76d53b1231d364babcd72abbb16855adac7de6665122f97b593f1eb2ba", "db2723a20d04bcda8522165c73eea7c300eda74e0ce852d9022e0159d7895007"]
